<?xml version="1.0" encoding="utf-8"?>
<Project ToolsVersion="4.0" xmlns="http://schemas.microsoft.com/developer/msbuild/2003">
  <ItemGroup>
    <FxCompile Include="Resources\shaders\CopyImage.PS.hlsl" />
    <FxCompile Include="Resources\shaders\Object3d.PS.hlsl" />
    <FxCompile Include="Resources\shaders\Object3d.VS.hlsl" />
    <FxCompile Include="Resources\shaders\Particle.PS.hlsl" />
    <FxCompile Include="Resources\shaders\Particle.VS.hlsl" />
    <FxCompile Include="Resources\shaders\PrimitiveDrawerPS.hlsl" />
    <FxCompile Include="Resources\shaders\PrimitiveDrawerVS.hlsl" />
    <FxCompile Include="Resources\shaders\Sprite.PS.hlsl" />
    <FxCompile Include="Resources\shaders\Sprite.VS.hlsl" />
    <FxCompile Include="Resources\shaders\Fullscreen.VS.hlsl" />
    <FxCompile Include="Resources\shaders\Grayscale.PS.hlsl" />
    <FxCompile Include="Resources\shaders\Vignette.PS.hlsl" />
    <FxCompile Include="Resources\shaders\BoxFilter.PS.hlsl" />
    <FxCompile Include="Resources\shaders\GaussianFilter.PS.hlsl" />
    <FxCompile Include="Resources\shaders\LuminanceBasedOutline.PS.hlsl" />
    <FxCompile Include="Resources\shaders\DepthBasedOutline.PS.hlsl" />
    <FxCompile Include="Resources\shaders\Dissolve.PS.hlsl" />
    <FxCompile Include="Resources\shaders\Random.PS.hlsl" />
    <FxCompile Include="Resources\shaders\LinearFog.PS.hlsl" />
    <FxCompile Include="Resources\shaders\MotionBlur.PS.hlsl" />
    <FxCompile Include="Resources\shaders\Gritch.PS.hlsl" />
  </ItemGroup>
  <ItemGroup>
    <ClCompile Include="application\collision\BaseObject.cpp" />
    <ClCompile Include="application\collision\Collider.cpp" />
    <ClCompile Include="application\collision\CollisionManager.cpp" />
    <ClCompile Include="application\scene\BaseScene.cpp" />
    <ClCompile Include="application\scene\GameScene.cpp" />
    <ClCompile Include="application\scene\SceneFactory.cpp" />
    <ClCompile Include="application\scene\SceneManager.cpp" />
    <ClCompile Include="application\scene\TitleScene.cpp" />
    <ClCompile Include="application\object\Enemy.cpp" />
    <ClCompile Include="engine\object\BaseCamera.cpp" />
    <ClCompile Include="engine\3d\AnimationManager.cpp" />
    <ClCompile Include="engine\3d\WorldTransform.cpp" />
    <ClCompile Include="engine\audio\Audio.cpp" />
    <ClCompile Include="engine\audio\AudioManager.cpp" />
    <ClCompile Include="engine\base\OffScreenRendring.cpp" />
    <ClCompile Include="engine\base\ViewProjection.cpp" />
    <ClCompile Include="engine\object\Camera.cpp" />
    <ClCompile Include="engine\base\DirectXCommon.cpp" />
    <ClCompile Include="engine\base\Framework.cpp" />
    <ClCompile Include="engine\2d\ImGuiManager.cpp" />
    <ClCompile Include="engine\input\Input.cpp" />
    <ClCompile Include="engine\base\Logger.cpp" />
    <ClCompile Include="engine\object\DirectionalLight.cpp" />
    <ClCompile Include="engine\object\PointLight.cpp" />
    <ClCompile Include="engine\object\SpotLight.cpp" />
    <ClCompile Include="engine\3d\LineDrawerBase.cpp" />
    <ClCompile Include="application\object\Ground.cpp" />
    <ClCompile Include="application\effect\Fade.cpp" />
    <ClCompile Include="application\camera\FollowCamera.cpp" />
    <ClCompile Include="application\scene\GameClear.cpp" />
    <ClCompile Include="application\scene\GameOver.cpp" />
    <ClCompile Include="application\object\LockOn.cpp" />
    <ClCompile Include="application\object\LockOnMarker.cpp" />
    <ClCompile Include="main.cpp" />
    <ClCompile Include="engine\3d\Model.cpp" />
    <ClCompile Include="engine\3d\ModelCommon.cpp" />
    <ClCompile Include="engine\3d\ModelManager.cpp" />
    <ClCompile Include="engine\3d\Object3d.cpp" />
    <ClCompile Include="engine\3d\Object3dCommon.cpp" />
    <ClCompile Include="engine\2d\Sprite.cpp" />
    <ClCompile Include="engine\2d\SpriteCommon.cpp" />
    <ClCompile Include="engine\base\StringUtility.cpp" />
    <ClCompile Include="engine\base\TextureManager.cpp" />
    <ClCompile Include="engine\base\WinApp.cpp" />
    <ClCompile Include="application\base\MyGame.cpp" />
    <ClCompile Include="engine\3d\ParticleEmitter.cpp" />
    <ClCompile Include="engine\3d\ParticleManager.cpp" />
    <ClCompile Include="engine\base\SrvManager.cpp" />
    <ClCompile Include="application\scene\MaruScene.cpp" />
    <ClCompile Include="application\scene\OkaScene.cpp" />
    <ClCompile Include="application\scene\PakuScene.cpp" />
    <ClCompile Include="application\scene\MiyaScene.cpp" />
    <ClCompile Include="application\object\SkyDome.cpp" />
    <ClCompile Include="application\object\Player.cpp" />
    <ClCompile Include="engine\camera\DebugCamera.cpp" />
    <ClCompile Include="engine\camera\CameraManager.cpp" />
    <ClCompile Include="application\object\EnemyBullet.cpp" />
    <ClCompile Include="engine\effect\PostEffect.cpp" />
    <ClCompile Include="application\object\PlayerMachineGun.cpp" />
    <ClCompile Include="application\object\BaseEnemy.cpp" />
    <ClCompile Include="application\object\PlayerMissile.cpp" />
    <ClCompile Include="application\object\GroundTypeEnemy.cpp" />
    <ClCompile Include="application\object\SkyTypeEnemy.cpp" />
    <ClCompile Include="engine\effect\BaseEffect.cpp" />
    <ClCompile Include="engine\effect\Grayscale.cpp" />
    <ClCompile Include="engine\effect\Vignette.cpp" />
    <ClCompile Include="engine\effect\BoxFilter.cpp" />
    <ClCompile Include="engine\effect\GaussianFilter.cpp" />
    <ClCompile Include="engine\effect\LuminanceBasedOutline.cpp" />
    <ClCompile Include="engine\effect\DepthBasedOutline.cpp" />
    <ClCompile Include="engine\effect\RadialBlur.cpp" />
    <ClCompile Include="engine\effect\Dissolve.cpp" />
    <ClCompile Include="engine\effect\Random.cpp" />
    <ClCompile Include="engine\effect\LinearFog.cpp" />
    <ClCompile Include="application\object\Spawn.cpp" />
    <ClCompile Include="engine\effect\MotionBlur.cpp" />
    <ClCompile Include="application\object\GroundTypeEnemy2.cpp" />
    <ClCompile Include="externals\MagEngine\Line\Line.cpp" />
    <ClCompile Include="externals\MagEngine\Line\LineManager.cpp" />
    <ClCompile Include="externals\MagEngine\Line\LineSetup.cpp" />
    <ClCompile Include="application\object\Hud.cpp" />
    <ClCompile Include="application\object\GroundTypeEnemy3.cpp" />
    <ClCompile Include="engine\effect\Gritch.cpp" />
    <ClCompile Include="application\object\GroundTypeEnemy4.cpp" />
    <ClCompile Include="application\scene\TutorialScene.cpp" />
    <ClCompile Include="application\object\TutorialEnemy.cpp" />
  </ItemGroup>
  <ItemGroup>
    <ClInclude Include="application\collision\BaseObject.h" />
    <ClInclude Include="application\collision\Collider.h" />
    <ClInclude Include="application\collision\CollisionManager.h" />
    <ClInclude Include="application\scene\AbstractSceneFactory.h" />
    <ClInclude Include="application\scene\BaseScene.h" />
    <ClInclude Include="application\scene\GameScene.h" />
    <ClInclude Include="application\scene\SceneFactory.h" />
    <ClInclude Include="application\scene\SceneManager.h" />
    <ClInclude Include="application\scene\TitleScene.h" />
    <ClInclude Include="application\object\Enemy.h" />
    <ClInclude Include="engine\object\BaseCamera.h" />
    <ClInclude Include="engine\3d\AnimationManager.h" />
    <ClInclude Include="engine\3d\ModelDatas.h" />
    <ClInclude Include="engine\3d\WorldTransform.h" />
    <ClInclude Include="engine\audio\Audio.h" />
    <ClInclude Include="engine\audio\AudioManager.h" />
    <ClInclude Include="engine\base\Kouro.h" />
    <ClInclude Include="engine\base\LeakChecker.h" />
    <ClInclude Include="engine\base\OffScreenRendring.h" />
    <ClInclude Include="engine\base\Structs.h" />
    <ClInclude Include="engine\base\ViewProjection.h" />
    <ClInclude Include="engine\object\Camera.h" />
    <ClInclude Include="engine\base\DirectXCommon.h" />
    <ClInclude Include="engine\base\Framework.h" />
    <ClInclude Include="engine\2d\ImGuiManager.h" />
    <ClInclude Include="engine\input\Input.h" />
    <ClInclude Include="engine\base\Logger.h" />
    <ClInclude Include="engine\math\Matrixs.h" />
    <ClInclude Include="engine\3d\Model.h" />
    <ClInclude Include="engine\3d\ModelCommon.h" />
    <ClInclude Include="engine\3d\ModelManager.h" />
    <ClInclude Include="engine\math\MyMath.h" />
    <ClInclude Include="engine\3d\Object3d.h" />
    <ClInclude Include="engine\3d\Object3dCommon.h" />
    <ClInclude Include="engine\2d\Sprite.h" />
    <ClInclude Include="engine\2d\SpriteCommon.h" />
    <ClInclude Include="engine\base\StringUtility.h" />
    <ClInclude Include="engine\base\TextureManager.h" />
    <ClInclude Include="engine\math\Vectors.h" />
    <ClInclude Include="engine\base\WinApp.h" />
    <ClInclude Include="application\base\MyGame.h" />
    <ClInclude Include="engine\3d\ParticleEmitter.h" />
    <ClInclude Include="engine\3d\ParticleManager.h" />
    <ClInclude Include="engine\base\SrvManager.h" />
    <ClInclude Include="engine\object\DirectionalLight.h" />
    <ClInclude Include="engine\object\PointLight.h" />
    <ClInclude Include="engine\object\SpotLight.h" />
    <ClInclude Include="engine\3d\LineDrawerBase.h" />
    <ClInclude Include="application\scene\MaruScene.h" />
    <ClInclude Include="application\scene\OkaScene.h" />
    <ClInclude Include="application\scene\PakuScene.h" />
    <ClInclude Include="application\scene\MiyaScene.h" />
    <ClInclude Include="application\object\Ground.h" />
    <ClInclude Include="application\object\SkyDome.h" />
    <ClInclude Include="application\object\Player.h" />
    <ClInclude Include="application\effect\Fade.h" />
    <ClInclude Include="application\camera\FollowCamera.h" />
    <ClInclude Include="application\scene\GameClear.h" />
    <ClInclude Include="application\scene\GameOver.h" />
    <ClInclude Include="application\object\LockOn.h" />
    <ClInclude Include="application\object\LockOnMarker.h" />
    <ClInclude Include="engine\camera\CameraManager.h" />
    <ClInclude Include="application\object\EnemyBullet.h" />
    <ClInclude Include="engine\camera\DebugCamera.h" />
    <ClInclude Include="engine\effect\PostEffect.h" />
    <ClInclude Include="application\object\PlayerMachineGun.h" />
    <ClInclude Include="application\object\BaseEnemy.h" />
    <ClInclude Include="application\object\PlayerMissile.h" />
    <ClInclude Include="application\object\GroundTypeEnemy.h" />
    <ClInclude Include="application\object\SkyTypeEnemy.h" />
    <ClInclude Include="engine\effect\BaseEffect.h" />
    <ClInclude Include="engine\effect\Grayscale.h" />
    <ClInclude Include="engine\effect\Vignette.h" />
    <ClInclude Include="engine\effect\BoxFilter.h" />
    <ClInclude Include="engine\effect\GaussianFilter.h" />
    <ClInclude Include="engine\effect\LuminanceBasedOutline.h" />
    <ClInclude Include="engine\effect\DepthBasedOutline.h" />
    <ClInclude Include="engine\effect\RadialBlur.h" />
    <ClInclude Include="engine\effect\Dissolve.h" />
    <ClInclude Include="engine\effect\Random.h" />
    <ClInclude Include="engine\effect\LinearFog.h" />
    <ClInclude Include="application\object\Spawn.h" />
    <ClInclude Include="engine\effect\MotionBlur.h" />
    <ClInclude Include="application\object\GroundTypeEnemy2.h" />
    <ClInclude Include="externals\MagEngine\Line\LineSetup.h" />
    <ClInclude Include="externals\MagEngine\Line\Line.h" />
    <ClInclude Include="externals\MagEngine\Line\LineManager.h" />
    <ClInclude Include="application\object\Hud.h" />
    <ClInclude Include="application\object\GroundTypeEnemy3.h" />
    <ClInclude Include="engine\effect\Gritch.h" />
    <ClInclude Include="application\object\GroundTypeEnemy4.h" />
    <ClInclude Include="application\scene\TutorialScene.h" />
    <ClInclude Include="application\object\TutorialEnemy.h" />
  </ItemGroup>
  <ItemGroup>
    <None Include=".editorconfig" />
    <None Include="Resources\shaders\Object3d.hlsli" />
    <None Include="Resources\shaders\Particle.hlsli" />
    <None Include="Resources\shaders\PrimitiveDrawer.hlsli" />
    <None Include="Resources\shaders\Sprite.hlsli" />
    <None Include="Resources\shaders\Fullscreen.hlsli" />
    <None Include="Resources\shaders\RadialBlur.PS.hlsl" />
  </ItemGroup>
</Project>